
Microsoft Visual Studio Solution File, Format Version 12.00
# Visual Studio Version 16
VisualStudioVersion = 16.0.30011.22
MinimumVisualStudioVersion = 10.0.40219.1
Project("{9A19103F-16F7-4668-BE54-9A1E7A4F7556}") = "RazorPagesMovie", "RazorPagesMovie\RazorPagesMovie.csproj", "{B26674AA-59C2-4EE5-9D59-FD695F969457}"
EndProject
Global
	GlobalSection(SolutionConfigurationPlatforms) = preSolution
		Debug|Any CPU = Debug|Any CPU
		Release|Any CPU = Release|Any CPU
	EndGlobalSection
	GlobalSection(ProjectConfigurationPlatforms) = postSolution
		{B26674AA-59C2-4EE5-9D59-FD695F969457}.Debug|Any CPU.ActiveCfg = Debug|Any CPU
		{B26674AA-59C2-4EE5-9D59-FD695F969457}.Debug|Any CPU.Build.0 = Debug|Any CPU
		{B26674AA-59C2-4EE5-9D59-FD695F969457}.Release|Any CPU.ActiveCfg = Release|Any CPU
		{B26674AA-59C2-4EE5-9D59-FD695F969457}.Release|Any CPU.Build.0 = Release|Any CPU
	EndGlobalSection
	GlobalSection(SolutionProperties) = preSolution
		HideSolutionNode = FALSE
	EndGlobalSection
	GlobalSection(ExtensibilityGlobals) = postSolution
		SolutionGuid = {0F696909-1A5E-46E6-B0C7-0D68E1A430AB}
	EndGlobalSection
EndGlobal
